Microsoft Visual Studio Solution File, Format Version 12.00
# Visual Studio Version 17
VisualStudioVersion = 17.5.2.0
MinimumVisualStudioVersion = 10.0.40219.1
Project("{2150E333-8FDC-42A3-9474-1A3956D46DE8}") = "src", "src", "{827E0CD3-B72D-47B6-A68D-7590B98EB39B}"
EndProject
Project("{FAE04EC0-301F-11D3-BF4B-00C04F79EFBC}") = "BookStore.Api", "src\BookStore.Api\BookStore.Api.csproj", "{0EF99046-0388-D3DA-4788-11F654913D6E}"
EndProject
Global
	GlobalSection(SolutionConfigurationPlatforms) = preSolution
		Debug|Any CPU = Debug|Any CPU
		Release|Any CPU = Release|Any CPU
	EndGlobalSection
	GlobalSection(ProjectConfigurationPlatforms) = postSolution
		{0EF99046-0388-D3DA-4788-11F654913D6E}.Debug|Any CPU.ActiveCfg = Debug|Any CPU
		{0EF99046-0388-D3DA-4788-11F654913D6E}.Debug|Any CPU.Build.0 = Debug|Any CPU
		{0EF99046-0388-D3DA-4788-11F654913D6E}.Release|Any CPU.ActiveCfg = Release|Any CPU
		{0EF99046-0388-D3DA-4788-11F654913D6E}.Release|Any CPU.Build.0 = Release|Any CPU
	EndGlobalSection
	GlobalSection(SolutionProperties) = preSolution
		HideSolutionNode = FALSE
	EndGlobalSection
	GlobalSection(NestedProjects) = preSolution
		{0EF99046-0388-D3DA-4788-11F654913D6E} = {827E0CD3-B72D-47B6-A68D-7590B98EB39B}
	EndGlobalSection
	GlobalSection(ExtensibilityGlobals) = postSolution
		SolutionGuid = {29B5F7BD-0CA5-4A49-950B-C8C9CB5F05A0}
	EndGlobalSection
EndGlobal
